
Microsoft Visual Studio Solution File, Format Version 12.00
# Visual Studio 15
VisualStudioVersion = 15.0.27703.2042
MinimumVisualStudioVersion = 10.0.40219.1
Project("{FAE04EC0-301F-11D3-BF4B-00C04F79EFBC}") = "JsonTreeview", "JsonTreeview\JsonTreeview.csproj", "{983C07D2-C872-4121-8EFC-3228AAD35D26}"
EndProject
Global
	GlobalSection(SolutionConfigurationPlatforms) = preSolution
		Debug|Any CPU = Debug|Any CPU
		Release|Any CPU = Release|Any CPU
	EndGlobalSection
	GlobalSection(ProjectConfigurationPlatforms) = postSolution
		{983C07D2-C872-4121-8EFC-3228AAD35D26}.Debug|Any CPU.ActiveCfg = Debug|Any CPU
		{983C07D2-C872-4121-8EFC-3228AAD35D26}.Debug|Any CPU.Build.0 = Debug|Any CPU
		{983C07D2-C872-4121-8EFC-3228AAD35D26}.Release|Any CPU.ActiveCfg = Release|Any CPU
		{983C07D2-C872-4121-8EFC-3228AAD35D26}.Release|Any CPU.Build.0 = Release|Any CPU
	EndGlobalSection
	GlobalSection(SolutionProperties) = preSolution
		HideSolutionNode = FALSE
	EndGlobalSection
	GlobalSection(ExtensibilityGlobals) = postSolution
		SolutionGuid = {B22ECD14-B7D0-4F01-BA66-F7A0286EA89D}
	EndGlobalSection
EndGlobal
